{
  "originHash" : "fe0e4f745e80a39791f1b8ef36548292381488f2cde2c7d12cd93483d64241da",
  "pins" : [
    {
      "identity" : "screchkit",
      "kind" : "remoteSourceControl",
      "location" : "https://github.com/TopScrech/ScrechKit",
      "state" : {
        "branch" : "main",
        "revision" : "dd008c6f937f0b8a1fb4a534a1c8491595988d21"
      }
    }
  ],
  "version" : 3
}
